
Microsoft Visual Studio Solution File, Format Version 12.00
# Visual Studio Version 17
VisualStudioVersion = 17.11.35327.3
MinimumVisualStudioVersion = 10.0.40219.1
Project("{FAE04EC0-301F-11D3-BF4B-00C04F79EFBC}") = "CuaHangAnPhuoc", "CuaHangAnPhuoc\CuaHangAnPhuoc.csproj", "{202A3EF3-29C3-4BF6-AE81-A79BD9EDDF4A}"
EndProject
Project("{FAE04EC0-301F-11D3-BF4B-00C04F79EFBC}") = "DTO", "DTO2\DTO.csproj", "{041E5F13-A654-4744-8D93-9EFF5393EF3E}"
EndProject
Project("{FAE04EC0-301F-11D3-BF4B-00C04F79EFBC}") = "DAL", "DAL2\DAL.csproj", "{69994592-F8C6-4D73-875F-4A89B5EBE9C0}"
EndProject
Project("{FAE04EC0-301F-11D3-BF4B-00C04F79EFBC}") = "BLL", "BLL2\BLL.csproj", "{9F997985-B82B-4CC5-B8CF-0A4D8E889385}"
EndProject
Global
	GlobalSection(SolutionConfigurationPlatforms) = preSolution
		Debug|Any CPU = Debug|Any CPU
		Release|Any CPU = Release|Any CPU
	EndGlobalSection
	GlobalSection(ProjectConfigurationPlatforms) = postSolution
		{202A3EF3-29C3-4BF6-AE81-A79BD9EDDF4A}.Debug|Any CPU.ActiveCfg = Debug|Any CPU
		{202A3EF3-29C3-4BF6-AE81-A79BD9EDDF4A}.Debug|Any CPU.Build.0 = Debug|Any CPU
		{202A3EF3-29C3-4BF6-AE81-A79BD9EDDF4A}.Release|Any CPU.ActiveCfg = Release|Any CPU
		{202A3EF3-29C3-4BF6-AE81-A79BD9EDDF4A}.Release|Any CPU.Build.0 = Release|Any CPU
		{041E5F13-A654-4744-8D93-9EFF5393EF3E}.Debug|Any CPU.ActiveCfg = Debug|Any CPU
		{041E5F13-A654-4744-8D93-9EFF5393EF3E}.Debug|Any CPU.Build.0 = Debug|Any CPU
		{041E5F13-A654-4744-8D93-9EFF5393EF3E}.Release|Any CPU.ActiveCfg = Release|Any CPU
		{041E5F13-A654-4744-8D93-9EFF5393EF3E}.Release|Any CPU.Build.0 = Release|Any CPU
		{69994592-F8C6-4D73-875F-4A89B5EBE9C0}.Debug|Any CPU.ActiveCfg = Debug|Any CPU
		{69994592-F8C6-4D73-875F-4A89B5EBE9C0}.Debug|Any CPU.Build.0 = Debug|Any CPU
		{69994592-F8C6-4D73-875F-4A89B5EBE9C0}.Release|Any CPU.ActiveCfg = Release|Any CPU
		{69994592-F8C6-4D73-875F-4A89B5EBE9C0}.Release|Any CPU.Build.0 = Release|Any CPU
		{9F997985-B82B-4CC5-B8CF-0A4D8E889385}.Debug|Any CPU.ActiveCfg = Debug|Any CPU
		{9F997985-B82B-4CC5-B8CF-0A4D8E889385}.Debug|Any CPU.Build.0 = Debug|Any CPU
		{9F997985-B82B-4CC5-B8CF-0A4D8E889385}.Release|Any CPU.ActiveCfg = Release|Any CPU
		{9F997985-B82B-4CC5-B8CF-0A4D8E889385}.Release|Any CPU.Build.0 = Release|Any CPU
	EndGlobalSection
	GlobalSection(SolutionProperties) = preSolution
		HideSolutionNode = FALSE
	EndGlobalSection
	GlobalSection(ExtensibilityGlobals) = postSolution
		SolutionGuid = {03B56C42-3DA8-4A8F-8756-A42C2E7A04D5}
	EndGlobalSection
EndGlobal
